// !$*UTF8*$!
{
	archiveVersion = 1;
	classes = {
	};
	objectVersion = 50;
	objects = {

/* Begin PBXBuildFile section */
		733E6D132679EB4200A9E3E2 /* AppDelegate.swift in Sources */ = {isa = PBXBuildFile; fileRef = 733E6D122679EB4200A9E3E2 /* AppDelegate.swift */; };
		733E6D152679EB4200A9E3E2 /* SceneDelegate.swift in Sources */ = {isa = PBXBuildFile; fileRef = 733E6D142679EB4200A9E3E2 /* SceneDelegate.swift */; };
		733E6D172679EB4200A9E3E2 /* ViewController.swift in Sources */ = {isa = PBXBuildFile; fileRef = 733E6D162679EB4200A9E3E2 /* ViewController.swift */; };
		733E6D1A2679EB4300A9E3E2 /* Main.storyboard in Resources */ = {isa = PBXBuildFile; fileRef = 733E6D182679EB4200A9E3E2 /* Main.storyboard */; };
		733E6D1C2679EB4900A9E3E2 /* Assets.xcassets in Resources */ = {isa = PBXBuildFile; fileRef = 733E6D1B2679EB4900A9E3E2 /* Assets.xcassets */; };
		733E6D1F2679EB4900A9E3E2 /* LaunchScreen.storyboard in Resources */ = {isa = PBXBuildFile; fileRef = 733E6D1D2679EB4900A9E3E2 /* LaunchScreen.storyboard */; };
		733E6D272679F25900A9E3E2 /* ByggeHus.swift in Sources */ = {isa = PBXBuildFile; fileRef = 733E6D262679F25800A9E3E2 /* ByggeHus.swift */; };
		733E6D292679F26E00A9E3E2 /* Video_ByggeHus.swift in Sources */ = {isa = PBXBuildFile; fileRef = 733E6D282679F26E00A9E3E2 /* Video_ByggeHus.swift */; };
		733E6D2B2679FE7B00A9E3E2 /* DaVinci.swift in Sources */ = {isa = PBXBuildFile; fileRef = 733E6D2A2679FE7B00A9E3E2 /* DaVinci.swift */; };
		733E6D2D2679FE9600A9E3E2 /* Videoer.swift in Sources */ = {isa = PBXBuildFile; fileRef = 733E6D2C2679FE9600A9E3E2 /* Videoer.swift */; };
/* End PBXBuildFile section */

/* Begin PBXFileReference section */
		733E6D0F2679EB4200A9E3E2 /* 10_Bygg_Tømrer.app */ = {isa = PBXFileReference; explicitFileType = wrapper.application; includeInIndex = 0; path = "10_Bygg_Tømrer.app"; sourceTree = BUILT_PRODUCTS_DIR; };
		733E6D122679EB4200A9E3E2 /* AppDelegate.swift */ = {isa = PBXFileReference; lastKnownFileType = sourcecode.swift; path = AppDelegate.swift; sourceTree = "<group>"; };
		733E6D142679EB4200A9E3E2 /* SceneDelegate.swift */ = {isa = PBXFileReference; lastKnownFileType = sourcecode.swift; path = SceneDelegate.swift; sourceTree = "<group>"; };
		733E6D162679EB4200A9E3E2 /* ViewController.swift */ = {isa = PBXFileReference; lastKnownFileType = sourcecode.swift; path = ViewController.swift; sourceTree = "<group>"; };
		733E6D192679EB4300A9E3E2 /* Base */ = {isa = PBXFileReference; lastKnownFileType = file.storyboard; name = Base; path = Base.lproj/Main.storyboard; sourceTree = "<group>"; };
		733E6D1B2679EB4900A9E3E2 /* Assets.xcassets */ = {isa = PBXFileReference; lastKnownFileType = folder.assetcatalog; path = Assets.xcassets; sourceTree = "<group>"; };
		733E6D1E2679EB4900A9E3E2 /* Base */ = {isa = PBXFileReference; lastKnownFileType = file.storyboard; name = Base; path = Base.lproj/LaunchScreen.storyboard; sourceTree = "<group>"; };
		733E6D202679EB4900A9E3E2 /* Info.plist */ = {isa = PBXFileReference; lastKnownFileType = text.plist.xml; path = Info.plist; sourceTree = "<group>"; };
		733E6D262679F25800A9E3E2 /* ByggeHus.swift */ = {isa = PBXFileReference; lastKnownFileType = sourcecode.swift; path = ByggeHus.swift; sourceTree = "<group>"; };
		733E6D282679F26E00A9E3E2 /* Video_ByggeHus.swift */ = {isa = PBXFileReference; lastKnownFileType = sourcecode.swift; path = Video_ByggeHus.swift; sourceTree = "<group>"; };
		733E6D2A2679FE7B00A9E3E2 /* DaVinci.swift */ = {isa = PBXFileReference; lastKnownFileType = sourcecode.swift; path = DaVinci.swift; sourceTree = "<group>"; };
		733E6D2C2679FE9600A9E3E2 /* Videoer.swift */ = {isa = PBXFileReference; lastKnownFileType = sourcecode.swift; path = Videoer.swift; sourceTree = "<group>"; };
/* End PBXFileReference section */

/* Begin PBXFrameworksBuildPhase section */
		733E6D0C2679EB4200A9E3E2 /* Frameworks */ = {
			isa = PBXFrameworksBuildPhase;
			buildActionMask = 2147483647;
			files = (
			);
			runOnlyForDeploymentPostprocessing = 0;
		};
/* End PBXFrameworksBuildPhase section */

/* Begin PBXGroup section */
		733E6D062679EB4200A9E3E2 = {
			isa = PBXGroup;
			children = (
				733E6D112679EB4200A9E3E2 /* 10_Bygg_Tømrer */,
				733E6D102679EB4200A9E3E2 /* Products */,
			);
			sourceTree = "<group>";
		};
		733E6D102679EB4200A9E3E2 /* Products */ = {
			isa = PBXGroup;
			children = (
				733E6D0F2679EB4200A9E3E2 /* 10_Bygg_Tømrer.app */,
			);
			name = Products;
			sourceTree = "<group>";
		};
		733E6D112679EB4200A9E3E2 /* 10_Bygg_Tømrer */ = {
			isa = PBXGroup;
			children = (
				733E6D122679EB4200A9E3E2 /* AppDelegate.swift */,
				733E6D142679EB4200A9E3E2 /* SceneDelegate.swift */,
				733E6D162679EB4200A9E3E2 /* ViewController.swift */,
				733E6D262679F25800A9E3E2 /* ByggeHus.swift */,
				733E6D2C2679FE9600A9E3E2 /* Videoer.swift */,
				733E6D282679F26E00A9E3E2 /* Video_ByggeHus.swift */,
				733E6D2A2679FE7B00A9E3E2 /* DaVinci.swift */,
				733E6D182679EB4200A9E3E2 /* Main.storyboard */,
				733E6D1B2679EB4900A9E3E2 /* Assets.xcassets */,
				733E6D1D2679EB4900A9E3E2 /* LaunchScreen.storyboard */,
				733E6D202679EB4900A9E3E2 /* Info.plist */,
			);
			path = "10_Bygg_Tømrer";
			sourceTree = "<group>";
		};
/* End PBXGroup section */

/* Begin PBXNativeTarget section */
		733E6D0E2679EB4200A9E3E2 /* 10_Bygg_Tømrer */ = {
			isa = PBXNativeTarget;
			buildConfigurationList = 733E6D232679EB4900A9E3E2 /* Build configuration list for PBXNativeTarget "10_Bygg_Tømrer" */;
			buildPhases = (
				733E6D0B2679EB4200A9E3E2 /* Sources */,
				733E6D0C2679EB4200A9E3E2 /* Frameworks */,
				733E6D0D2679EB4200A9E3E2 /* Resources */,
			);
			buildRules = (
			);
			dependencies = (
			);
			name = "10_Bygg_Tømrer";
			productName = "10_Bygg_Tømrer";
			productReference = 733E6D0F2679EB4200A9E3E2 /* 10_Bygg_Tømrer.app */;
			productType = "com.apple.product-type.application";
		};
/* End PBXNativeTarget section */

/* Begin PBXProject section */
		733E6D072679EB4200A9E3E2 /* Project object */ = {
			isa = PBXProject;
			attributes = {
				LastSwiftUpdateCheck = 1150;
				LastUpgradeCheck = 1150;
				ORGANIZATIONNAME = "Mariel Aulie Hinderaker";
				TargetAttributes = {
					733E6D0E2679EB4200A9E3E2 = {
						CreatedOnToolsVersion = 11.5;
					};
				};
			};
			buildConfigurationList = 733E6D0A2679EB4200A9E3E2 /* Build configuration list for PBXProject "10_Bygg_Tømrer" */;
			compatibilityVersion = "Xcode 9.3";
			developmentRegion = en;
			hasScannedForEncodings = 0;
			knownRegions = (
				en,
				Base,
			);
			mainGroup = 733E6D062679EB4200A9E3E2;
			productRefGroup = 733E6D102679EB4200A9E3E2 /* Products */;
			projectDirPath = "";
			projectRoot = "";
			targets = (
				733E6D0E2679EB4200A9E3E2 /* 10_Bygg_Tømrer */,
			);
		};
/* End PBXProject section */

/* Begin PBXResourcesBuildPhase section */
		733E6D0D2679EB4200A9E3E2 /* Resources */ = {
			isa = PBXResourcesBuildPhase;
			buildActionMask = 2147483647;
			files = (
				733E6D1F2679EB4900A9E3E2 /* LaunchScreen.storyboard in Resources */,
				733E6D1C2679EB4900A9E3E2 /* Assets.xcassets in Resources */,
				733E6D1A2679EB4300A9E3E2 /* Main.storyboard in Resources */,
			);
			runOnlyForDeploymentPostprocessing = 0;
		};
/* End PBXResourcesBuildPhase section */

/* Begin PBXSourcesBuildPhase section */
		733E6D0B2679EB4200A9E3E2 /* Sources */ = {
			isa = PBXSourcesBuildPhase;
			buildActionMask = 2147483647;
			files = (
				733E6D2D2679FE9600A9E3E2 /* Videoer.swift in Sources */,
				733E6D172679EB4200A9E3E2 /* ViewController.swift in Sources */,
				733E6D292679F26E00A9E3E2 /* Video_ByggeHus.swift in Sources */,
				733E6D2B2679FE7B00A9E3E2 /* DaVinci.swift in Sources */,
				733E6D132679EB4200A9E3E2 /* AppDelegate.swift in Sources */,
				733E6D152679EB4200A9E3E2 /* SceneDelegate.swift in Sources */,
				733E6D272679F25900A9E3E2 /* ByggeHus.swift in Sources */,
			);
			runOnlyForDeploymentPostprocessing = 0;
		};
/* End PBXSourcesBuildPhase section */

/* Begin PBXVariantGroup section */
		733E6D182679EB4200A9E3E2 /* Main.storyboard */ = {
			isa = PBXVariantGroup;
			children = (
				733E6D192679EB4300A9E3E2 /* Base */,
			);
			name = Main.storyboard;
			sourceTree = "<group>";
		};
		733E6D1D2679EB4900A9E3E2 /* LaunchScreen.storyboard */ = {
			isa = PBXVariantGroup;
			children = (
				733E6D1E2679EB4900A9E3E2 /* Base */,
			);
			name = LaunchScreen.storyboard;
			sourceTree = "<group>";
		};
/* End PBXVariantGroup section */

/* Begin XCBuildConfiguration section */
		733E6D212679EB4900A9E3E2 /* Debug */ = {
			isa = XCBuildConfiguration;
			buildSettings = {
				ALWAYS_SEARCH_USER_PATHS = NO;
				CLANG_ANALYZER_NONNULL = YES;
				CLANG_ANALYZER_NUMBER_OBJECT_CONVERSION = YES_AGGRESSIVE;
				CLANG_CXX_LANGUAGE_STANDARD = "gnu++14";
				CLANG_CXX_LIBRARY = "libc++";
				CLANG_ENABLE_MODULES = YES;
				CLANG_ENABLE_OBJC_ARC = YES;
				CLANG_ENABLE_OBJC_WEAK = YES;
				CLANG_WARN_BLOCK_CAPTURE_AUTORELEASING = YES;
				CLANG_WARN_BOOL_CONVERSION = YES;
				CLANG_WARN_COMMA = YES;
				CLANG_WARN_CONSTANT_CONVERSION = YES;
				CLANG_WARN_DEPRECATED_OBJC_IMPLEMENTATIONS = YES;
				CLANG_WARN_DIRECT_OBJC_ISA_USAGE = YES_ERROR;
				CLANG_WARN_DOCUMENTATION_COMMENTS = YES;
				CLANG_WARN_EMPTY_BODY = YES;
				CLANG_WARN_ENUM_CONVERSION = YES;
				CLANG_WARN_INFINITE_RECURSION = YES;
				CLANG_WARN_INT_CONVERSION = YES;
				CLANG_WARN_NON_LITERAL_NULL_CONVERSION = YES;
				CLANG_WARN_OBJC_IMPLICIT_RETAIN_SELF = YES;
				CLANG_WARN_OBJC_LITERAL_CONVERSION = YES;
				CLANG_WARN_OBJC_ROOT_CLASS = YES_ERROR;
				CLANG_WARN_RANGE_LOOP_ANALYSIS = YES;
				CLANG_WARN_STRICT_PROTOTYPES = YES;
				CLANG_WARN_SUSPICIOUS_MOVE = YES;
				CLANG_WARN_UNGUARDED_AVAILABILITY = YES_AGGRESSIVE;
				CLANG_WARN_UNREACHABLE_CODE = YES;
				CLANG_WARN__DUPLICATE_METHOD_MATCH = YES;
				COPY_PHASE_STRIP = NO;
				DEBUG_INFORMATION_FORMAT = dwarf;
				ENABLE_STRICT_OBJC_MSGSEND = YES;
				ENABLE_TESTABILITY = YES;
				GCC_C_LANGUAGE_STANDARD = gnu11;
				GCC_DYNAMIC_NO_PIC = NO;
				GCC_NO_COMMON_BLOCKS = YES;
				GCC_OPTIMIZATION_LEVEL = 0;
				GCC_PREPROCESSOR_DEFINITIONS = (
					"DEBUG=1",
					"$(inherited)",
				);
				GCC_WARN_64_TO_32_BIT_CONVERSION = YES;
				GCC_WARN_ABOUT_RETURN_TYPE = YES_ERROR;
				GCC_WARN_UNDECLARED_SELECTOR = YES;
				GCC_WARN_UNINITIALIZED_AUTOS = YES_AGGRESSIVE;
				GCC_WARN_UNUSED_FUNCTION = YES;
				GCC_WARN_UNUSED_VARIABLE = YES;
				IPHONEOS_DEPLOYMENT_TARGET = 13.5;
				MTL_ENABLE_DEBUG_INFO = INCLUDE_SOURCE;
				MTL_FAST_MATH = YES;
				ONLY_ACTIVE_ARCH = YES;
				SDKROOT = iphoneos;
				SWIFT_ACTIVE_COMPILATION_CONDITIONS = DEBUG;
				SWIFT_OPTIMIZATION_LEVEL = "-Onone";
			};
			name = Debug;
		};
		733E6D222679EB4900A9E3E2 /* Release */ = {
			isa = XCBuildConfiguration;
			buildSettings = {
				ALWAYS_SEARCH_USER_PATHS = NO;
				CLANG_ANALYZER_NONNULL = YES;
				CLANG_ANALYZER_NUMBER_OBJECT_CONVERSION = YES_AGGRESSIVE;
				CLANG_CXX_LANGUAGE_STANDARD = "gnu++14";
				CLANG_CXX_LIBRARY = "libc++";
				CLANG_ENABLE_MODULES = YES;
				CLANG_ENABLE_OBJC_ARC = YES;
				CLANG_ENABLE_OBJC_WEAK = YES;
				CLANG_WARN_BLOCK_CAPTURE_AUTORELEASING = YES;
				CLANG_WARN_BOOL_CONVERSION = YES;
				CLANG_WARN_COMMA = YES;
				CLANG_WARN_CONSTANT_CONVERSION = YES;
				CLANG_WARN_DEPRECATED_OBJC_IMPLEMENTATIONS = YES;
				CLANG_WARN_DIRECT_OBJC_ISA_USAGE = YES_ERROR;
				CLANG_WARN_DOCUMENTATION_COMMENTS = YES;
				CLANG_WARN_EMPTY_BODY = YES;
				CLANG_WARN_ENUM_CONVERSION = YES;
				CLANG_WARN_INFINITE_RECURSION = YES;
				CLANG_WARN_INT_CONVERSION = YES;
				CLANG_WARN_NON_LITERAL_NULL_CONVERSION = YES;
				CLANG_WARN_OBJC_IMPLICIT_RETAIN_SELF = YES;
				CLANG_WARN_OBJC_LITERAL_CONVERSION = YES;
				CLANG_WARN_OBJC_ROOT_CLASS = YES_ERROR;
				CLANG_WARN_RANGE_LOOP_ANALYSIS = YES;
				CLANG_WARN_STRICT_PROTOTYPES = YES;
				CLANG_WARN_SUSPICIOUS_MOVE = YES;
				CLANG_WARN_UNGUARDED_AVAILABILITY = YES_AGGRESSIVE;
				CLANG_WARN_UNREACHABLE_CODE = YES;
				CLANG_WARN__DUPLICATE_METHOD_MATCH = YES;
				COPY_PHASE_STRIP = NO;
				DEBUG_INFORMATION_FORMAT = "dwarf-with-dsym";
				ENABLE_NS_ASSERTIONS = NO;
				ENABLE_STRICT_OBJC_MSGSEND = YES;
				GCC_C_LANGUAGE_STANDARD = gnu11;
				GCC_NO_COMMON_BLOCKS = YES;
				GCC_WARN_64_TO_32_BIT_CONVERSION = YES;
				GCC_WARN_ABOUT_RETURN_TYPE = YES_ERROR;
				GCC_WARN_UNDECLARED_SELECTOR = YES;
				GCC_WARN_UNINITIALIZED_AUTOS = YES_AGGRESSIVE;
				GCC_WARN_UNUSED_FUNCTION = YES;
				GCC_WARN_UNUSED_VARIABLE = YES;
				IPHONEOS_DEPLOYMENT_TARGET = 13.5;
				MTL_ENABLE_DEBUG_INFO = NO;
				MTL_FAST_MATH = YES;
				SDKROOT = iphoneos;
				SWIFT_COMPILATION_MODE = wholemodule;
				SWIFT_OPTIMIZATION_LEVEL = "-O";
				VALIDATE_PRODUCT = YES;
			};
			name = Release;
		};
		733E6D242679EB4900A9E3E2 /* Debug */ = {
			isa = XCBuildConfiguration;
			buildSettings = {
				ASSETCATALOG_COMPILER_APPICON_NAME = AppIcon;
				CODE_SIGN_STYLE = Automatic;
				DEVELOPMENT_TEAM = LHBK53P5AL;
				INFOPLIST_FILE = "10_Bygg_Tømrer/Info.plist";
				LD_RUNPATH_SEARCH_PATHS = (
					"$(inherited)",
					"@executable_path/Frameworks",
				);
				PRODUCT_BUNDLE_IDENTIFIER = "com.Aulieh.-0-Bygg-T-mrer";
				PRODUCT_NAME = "$(TARGET_NAME)";
				SWIFT_VERSION = 5.0;
				TARGETED_DEVICE_FAMILY = "1,2";
			};
			name = Debug;
		};
		733E6D252679EB4900A9E3E2 /* Release */ = {
			isa = XCBuildConfiguration;
			buildSettings = {
				ASSETCATALOG_COMPILER_APPICON_NAME = AppIcon;
				CODE_SIGN_STYLE = Automatic;
				DEVELOPMENT_TEAM = LHBK53P5AL;
				INFOPLIST_FILE = "10_Bygg_Tømrer/Info.plist";
				LD_RUNPATH_SEARCH_PATHS = (
					"$(inherited)",
					"@executable_path/Frameworks",
				);
				PRODUCT_BUNDLE_IDENTIFIER = "com.Aulieh.-0-Bygg-T-mrer";
				PRODUCT_NAME = "$(TARGET_NAME)";
				SWIFT_VERSION = 5.0;
				TARGETED_DEVICE_FAMILY = "1,2";
			};
			name = Release;
		};
/* End XCBuildConfiguration section */

/* Begin XCConfigurationList section */
		733E6D0A2679EB4200A9E3E2 /* Build configuration list for PBXProject "10_Bygg_Tømrer" */ = {
			isa = XCConfigurationList;
			buildConfigurations = (
				733E6D212679EB4900A9E3E2 /* Debug */,
				733E6D222679EB4900A9E3E2 /* Release */,
			);
			defaultConfigurationIsVisible = 0;
			defaultConfigurationName = Release;
		};
		733E6D232679EB4900A9E3E2 /* Build configuration list for PBXNativeTarget "10_Bygg_Tømrer" */ = {
			isa = XCConfigurationList;
			buildConfigurations = (
				733E6D242679EB4900A9E3E2 /* Debug */,
				733E6D252679EB4900A9E3E2 /* Release */,
			);
			defaultConfigurationIsVisible = 0;
			defaultConfigurationName = Release;
		};
/* End XCConfigurationList section */
	};
	rootObject = 733E6D072679EB4200A9E3E2 /* Project object */;
}
